
Microsoft Visual Studio Solution File, Format Version 12.00
# Visual Studio 14
VisualStudioVersion = 14.0.25420.1
MinimumVisualStudioVersion = 10.0.40219.1
Project("{2150E333-8FDC-42A3-9474-1A3956D46DE8}") = "ICEs", "ICEs", "{0B1C8EE7-E852-45B2-A546-BE37B521048A}"
EndProject
Project("{8BC9CEB8-8B4A-11D0-8D11-00A0C91BC942}") = "E12_Sierpinski", "E12_Sierpinski\E12_Sierpinski.vcxproj", "{4965C0BB-DC2D-4C76-B565-2E5C77F75BDD}"
EndProject
Global
	GlobalSection(SolutionConfigurationPlatforms) = preSolution
		Debug|x86 = Debug|x86
		Release|x86 = Release|x86
	EndGlobalSection
	GlobalSection(ProjectConfigurationPlatforms) = postSolution
		{4965C0BB-DC2D-4C76-B565-2E5C77F75BDD}.Debug|x86.ActiveCfg = Debug|Win32
		{4965C0BB-DC2D-4C76-B565-2E5C77F75BDD}.Debug|x86.Build.0 = Debug|Win32
		{4965C0BB-DC2D-4C76-B565-2E5C77F75BDD}.Release|x86.ActiveCfg = Release|Win32
		{4965C0BB-DC2D-4C76-B565-2E5C77F75BDD}.Release|x86.Build.0 = Release|Win32
	EndGlobalSection
	GlobalSection(SolutionProperties) = preSolution
		HideSolutionNode = FALSE
	EndGlobalSection
	GlobalSection(NestedProjects) = preSolution
		{4965C0BB-DC2D-4C76-B565-2E5C77F75BDD} = {0B1C8EE7-E852-45B2-A546-BE37B521048A}
	EndGlobalSection
EndGlobal
